
Microsoft Visual Studio Solution File, Format Version 12.00
# Visual Studio Version 17
VisualStudioVersion = 17.2.32519.379
MinimumVisualStudioVersion = 10.0.40219.1
Project("{9A19103F-16F7-4668-BE54-9A1E7A4F7556}") = "SoftTeach", "SoftTeach\SoftTeach.csproj", "{2FE58915-AEB2-43B5-B507-58FF48802183}"
EndProject
Global
	GlobalSection(SolutionConfigurationPlatforms) = preSolution
		Debug|Any CPU = Debug|Any CPU
		Release|Any CPU = Release|Any CPU
	EndGlobalSection
	GlobalSection(ProjectConfigurationPlatforms) = postSolution
		{2FE58915-AEB2-43B5-B507-58FF48802183}.Debug|Any CPU.ActiveCfg = Debug|Any CPU
		{2FE58915-AEB2-43B5-B507-58FF48802183}.Debug|Any CPU.Build.0 = Debug|Any CPU
		{2FE58915-AEB2-43B5-B507-58FF48802183}.Release|Any CPU.ActiveCfg = Release|Any CPU
		{2FE58915-AEB2-43B5-B507-58FF48802183}.Release|Any CPU.Build.0 = Release|Any CPU
	EndGlobalSection
	GlobalSection(SolutionProperties) = preSolution
		HideSolutionNode = FALSE
	EndGlobalSection
	GlobalSection(ExtensibilityGlobals) = postSolution
		SolutionGuid = {CD258AF5-8E0C-443B-B128-60A18F050DC4}
	EndGlobalSection
EndGlobal
