
Microsoft Visual Studio Solution File, Format Version 12.00
# Visual Studio Version 17
VisualStudioVersion = 17.2.32519.379
MinimumVisualStudioVersion = 10.0.40219.1
Project("{9A19103F-16F7-4668-BE54-9A1E7A4F7556}") = "SoftTeach", "SoftTeach\SoftTeach.csproj", "{2FE58915-AEB2-43B5-B507-58FF48802183}"
EndProject
Project("{B7DD6F7E-DEF8-4E67-B5B7-07EF123DB6F0}") = "Setup", "Setup\Setup.wixproj", "{2248D372-66FC-471F-89D6-601930B8538D}"
EndProject
Global
	GlobalSection(SolutionConfigurationPlatforms) = preSolution
		Debug|Any CPU = Debug|Any CPU
		Debug|x64 = Debug|x64
		Debug|x86 = Debug|x86
		Release|Any CPU = Release|Any CPU
		Release|x64 = Release|x64
		Release|x86 = Release|x86
	EndGlobalSection
	GlobalSection(ProjectConfigurationPlatforms) = postSolution
		{2FE58915-AEB2-43B5-B507-58FF48802183}.Debug|Any CPU.ActiveCfg = Debug|Any CPU
		{2FE58915-AEB2-43B5-B507-58FF48802183}.Debug|Any CPU.Build.0 = Debug|Any CPU
		{2FE58915-AEB2-43B5-B507-58FF48802183}.Debug|x64.ActiveCfg = Debug|Any CPU
		{2FE58915-AEB2-43B5-B507-58FF48802183}.Debug|x64.Build.0 = Debug|Any CPU
		{2FE58915-AEB2-43B5-B507-58FF48802183}.Debug|x86.ActiveCfg = Debug|Any CPU
		{2FE58915-AEB2-43B5-B507-58FF48802183}.Debug|x86.Build.0 = Debug|Any CPU
		{2FE58915-AEB2-43B5-B507-58FF48802183}.Release|Any CPU.ActiveCfg = Release|Any CPU
		{2FE58915-AEB2-43B5-B507-58FF48802183}.Release|Any CPU.Build.0 = Release|Any CPU
		{2FE58915-AEB2-43B5-B507-58FF48802183}.Release|x64.ActiveCfg = Release|Any CPU
		{2FE58915-AEB2-43B5-B507-58FF48802183}.Release|x64.Build.0 = Release|Any CPU
		{2FE58915-AEB2-43B5-B507-58FF48802183}.Release|x86.ActiveCfg = Release|Any CPU
		{2FE58915-AEB2-43B5-B507-58FF48802183}.Release|x86.Build.0 = Release|Any CPU
		{2248D372-66FC-471F-89D6-601930B8538D}.Debug|Any CPU.ActiveCfg = Debug|x64
		{2248D372-66FC-471F-89D6-601930B8538D}.Debug|x64.ActiveCfg = Debug|x64
		{2248D372-66FC-471F-89D6-601930B8538D}.Debug|x64.Build.0 = Debug|x64
		{2248D372-66FC-471F-89D6-601930B8538D}.Debug|x86.ActiveCfg = Debug|x86
		{2248D372-66FC-471F-89D6-601930B8538D}.Debug|x86.Build.0 = Debug|x86
		{2248D372-66FC-471F-89D6-601930B8538D}.Release|Any CPU.ActiveCfg = Release|x64
		{2248D372-66FC-471F-89D6-601930B8538D}.Release|x64.ActiveCfg = Release|x64
		{2248D372-66FC-471F-89D6-601930B8538D}.Release|x64.Build.0 = Release|x64
		{2248D372-66FC-471F-89D6-601930B8538D}.Release|x86.ActiveCfg = Release|x86
		{2248D372-66FC-471F-89D6-601930B8538D}.Release|x86.Build.0 = Release|x86
	EndGlobalSection
	GlobalSection(SolutionProperties) = preSolution
		HideSolutionNode = FALSE
	EndGlobalSection
	GlobalSection(ExtensibilityGlobals) = postSolution
		SolutionGuid = {CD258AF5-8E0C-443B-B128-60A18F050DC4}
	EndGlobalSection
EndGlobal
